
Microsoft Visual Studio Solution File, Format Version 12.00
# Visual Studio Version 16
VisualStudioVersion = 16.0.31112.23
MinimumVisualStudioVersion = 10.0.40219.1
Project("{FAE04EC0-301F-11D3-BF4B-00C04F79EFBC}") = "MyTest", "MyTest.csproj", "{529593CF-F4C2-4EF0-99EA-82A7645D667B}"
EndProject
Global
	GlobalSection(SolutionConfigurationPlatforms) = preSolution
		Debug|Any CPU = Debug|Any CPU
		Release|Any CPU = Release|Any CPU
	EndGlobalSection
	GlobalSection(ProjectConfigurationPlatforms) = postSolution
		{529593CF-F4C2-4EF0-99EA-82A7645D667B}.Debug|Any CPU.ActiveCfg = Debug|Any CPU
		{529593CF-F4C2-4EF0-99EA-82A7645D667B}.Debug|Any CPU.Build.0 = Debug|Any CPU
		{529593CF-F4C2-4EF0-99EA-82A7645D667B}.Release|Any CPU.ActiveCfg = Release|Any CPU
		{529593CF-F4C2-4EF0-99EA-82A7645D667B}.Release|Any CPU.Build.0 = Release|Any CPU
	EndGlobalSection
	GlobalSection(SolutionProperties) = preSolution
		HideSolutionNode = FALSE
	EndGlobalSection
	GlobalSection(ExtensibilityGlobals) = postSolution
		SolutionGuid = {DE31C873-877B-40F7-9B0C-B7D77CD096C4}
	EndGlobalSection
EndGlobal
